// !$*UTF8*$!
{
	archiveVersion = 1;
	classes = {
	};
	objectVersion = 51;
	objects = {

/* Begin PBXBuildFile section */
		4949956A267B6CD300F48217 /* AppDelegate.swift in Sources */ = {isa = PBXBuildFile; fileRef = 49499569267B6CD300F48217 /* AppDelegate.swift */; };
		4949956C267B6CD300F48217 /* SceneDelegate.swift in Sources */ = {isa = PBXBuildFile; fileRef = 4949956B267B6CD300F48217 /* SceneDelegate.swift */; };
		4949956E267B6CD300F48217 /* ViewController.swift in Sources */ = {isa = PBXBuildFile; fileRef = 4949956D267B6CD300F48217 /* ViewController.swift */; };
		49499571267B6CD300F48217 /* Main.storyboard in Resources */ = {isa = PBXBuildFile; fileRef = 4949956F267B6CD300F48217 /* Main.storyboard */; };
		49499573267B6CD300F48217 /* Assets.xcassets in Resources */ = {isa = PBXBuildFile; fileRef = 49499572267B6CD300F48217 /* Assets.xcassets */; };
		49499576267B6CD300F48217 /* LaunchScreen.storyboard in Resources */ = {isa = PBXBuildFile; fileRef = 49499574267B6CD300F48217 /* LaunchScreen.storyboard */; };
		49499586267B700B00F48217 /* HeroesTableViewController.swift in Sources */ = {isa = PBXBuildFile; fileRef = 49499585267B700B00F48217 /* HeroesTableViewController.swift */; };
		4949EAA6267BB2CC00C6D425 /* MarvelAPI.swift in Sources */ = {isa = PBXBuildFile; fileRef = 4949EAA5267BB2CC00C6D425 /* MarvelAPI.swift */; };
		4949EAAF267BB31A00C6D425 /* MarvelClasses.swift in Sources */ = {isa = PBXBuildFile; fileRef = 4949EAAE267BB31A00C6D425 /* MarvelClasses.swift */; };
		4987E6CF2689FF4A003B2314 /* HeroTableViewCell.swift in Sources */ = {isa = PBXBuildFile; fileRef = 4987E6CE2689FF4A003B2314 /* HeroTableViewCell.swift */; };
		9523EDE96A51A0D3F60BAC84 /* Pods_Busca_Herois.framework in Frameworks */ = {isa = PBXBuildFile; fileRef = 05C290DAEFB24F2D289C3895 /* Pods_Busca_Herois.framework */; };
/* End PBXBuildFile section */

/* Begin PBXFileReference section */
		05C290DAEFB24F2D289C3895 /* Pods_Busca_Herois.framework */ = {isa = PBXFileReference; explicitFileType = wrapper.framework; includeInIndex = 0; path = Pods_Busca_Herois.framework; sourceTree = BUILT_PRODUCTS_DIR; };
		347436268DBBF8FA7D86E67A /* Pods-Busca Herois.release.xcconfig */ = {isa = PBXFileReference; includeInIndex = 1; lastKnownFileType = text.xcconfig; name = "Pods-Busca Herois.release.xcconfig"; path = "Target Support Files/Pods-Busca Herois/Pods-Busca Herois.release.xcconfig"; sourceTree = "<group>"; };
		49499566267B6CD200F48217 /* Busca Herois.app */ = {isa = PBXFileReference; explicitFileType = wrapper.application; includeInIndex = 0; path = "Busca Herois.app"; sourceTree = BUILT_PRODUCTS_DIR; };
		49499569267B6CD300F48217 /* AppDelegate.swift */ = {isa = PBXFileReference; lastKnownFileType = sourcecode.swift; path = AppDelegate.swift; sourceTree = "<group>"; };
		4949956B267B6CD300F48217 /* SceneDelegate.swift */ = {isa = PBXFileReference; lastKnownFileType = sourcecode.swift; path = SceneDelegate.swift; sourceTree = "<group>"; };
		4949956D267B6CD300F48217 /* ViewController.swift */ = {isa = PBXFileReference; lastKnownFileType = sourcecode.swift; path = ViewController.swift; sourceTree = "<group>"; };
		49499570267B6CD300F48217 /* Base */ = {isa = PBXFileReference; lastKnownFileType = file.storyboard; name = Base; path = Base.lproj/Main.storyboard; sourceTree = "<group>"; };
		49499572267B6CD300F48217 /* Assets.xcassets */ = {isa = PBXFileReference; lastKnownFileType = folder.assetcatalog; path = Assets.xcassets; sourceTree = "<group>"; };
		49499575267B6CD300F48217 /* Base */ = {isa = PBXFileReference; lastKnownFileType = file.storyboard; name = Base; path = Base.lproj/LaunchScreen.storyboard; sourceTree = "<group>"; };
		49499577267B6CD300F48217 /* Info.plist */ = {isa = PBXFileReference; lastKnownFileType = text.plist.xml; path = Info.plist; sourceTree = "<group>"; };
		49499585267B700B00F48217 /* HeroesTableViewController.swift */ = {isa = PBXFileReference; lastKnownFileType = sourcecode.swift; path = HeroesTableViewController.swift; sourceTree = "<group>"; };
		4949EAA5267BB2CC00C6D425 /* MarvelAPI.swift */ = {isa = PBXFileReference; lastKnownFileType = sourcecode.swift; path = MarvelAPI.swift; sourceTree = "<group>"; };
		4949EAAE267BB31A00C6D425 /* MarvelClasses.swift */ = {isa = PBXFileReference; lastKnownFileType = sourcecode.swift; path = MarvelClasses.swift; sourceTree = "<group>"; };
		4987E6CE2689FF4A003B2314 /* HeroTableViewCell.swift */ = {isa = PBXFileReference; lastKnownFileType = sourcecode.swift; path = HeroTableViewCell.swift; sourceTree = "<group>"; };
		73E2AEDBA3D2ED0AA3B99C7A /* Pods-Busca Herois.debug.xcconfig */ = {isa = PBXFileReference; includeInIndex = 1; lastKnownFileType = text.xcconfig; name = "Pods-Busca Herois.debug.xcconfig"; path = "Target Support Files/Pods-Busca Herois/Pods-Busca Herois.debug.xcconfig"; sourceTree = "<group>"; };
/* End PBXFileReference section */

/* Begin PBXFrameworksBuildPhase section */
		49499563267B6CD200F48217 /* Frameworks */ = {
			isa = PBXFrameworksBuildPhase;
			buildActionMask = 2147483647;
			files = (
				9523EDE96A51A0D3F60BAC84 /* Pods_Busca_Herois.framework in Frameworks */,
			);
			runOnlyForDeploymentPostprocessing = 0;
		};
/* End PBXFrameworksBuildPhase section */

/* Begin PBXGroup section */
		1CBA5518E1B457F3106CCA5D /* Pods */ = {
			isa = PBXGroup;
			children = (
				73E2AEDBA3D2ED0AA3B99C7A /* Pods-Busca Herois.debug.xcconfig */,
				347436268DBBF8FA7D86E67A /* Pods-Busca Herois.release.xcconfig */,
			);
			path = Pods;
			sourceTree = "<group>";
		};
		4944066B267BCF580063ABF1 /* API */ = {
			isa = PBXGroup;
			children = (
				4949EAA5267BB2CC00C6D425 /* MarvelAPI.swift */,
			);
			path = API;
			sourceTree = "<group>";
		};
		4949955D267B6CD200F48217 = {
			isa = PBXGroup;
			children = (
				49499568267B6CD200F48217 /* Busca Herois */,
				49499567267B6CD200F48217 /* Products */,
				1CBA5518E1B457F3106CCA5D /* Pods */,
				D91C24DD5EF9E8E0D76BAB1C /* Frameworks */,
			);
			sourceTree = "<group>";
		};
		49499567267B6CD200F48217 /* Products */ = {
			isa = PBXGroup;
			children = (
				49499566267B6CD200F48217 /* Busca Herois.app */,
			);
			name = Products;
			sourceTree = "<group>";
		};
		49499568267B6CD200F48217 /* Busca Herois */ = {
			isa = PBXGroup;
			children = (
				4944066B267BCF580063ABF1 /* API */,
				49499569267B6CD300F48217 /* AppDelegate.swift */,
				4949956B267B6CD300F48217 /* SceneDelegate.swift */,
				4949956D267B6CD300F48217 /* ViewController.swift */,
				4949956F267B6CD300F48217 /* Main.storyboard */,
				49499585267B700B00F48217 /* HeroesTableViewController.swift */,
				4987E6CE2689FF4A003B2314 /* HeroTableViewCell.swift */,
				49499572267B6CD300F48217 /* Assets.xcassets */,
				49499574267B6CD300F48217 /* LaunchScreen.storyboard */,
				49499577267B6CD300F48217 /* Info.plist */,
				4949EAB1267BC71400C6D425 /* Model */,
			);
			path = "Busca Herois";
			sourceTree = "<group>";
		};
		4949EAB1267BC71400C6D425 /* Model */ = {
			isa = PBXGroup;
			children = (
				4949EAAE267BB31A00C6D425 /* MarvelClasses.swift */,
			);
			path = Model;
			sourceTree = "<group>";
		};
		D91C24DD5EF9E8E0D76BAB1C /* Frameworks */ = {
			isa = PBXGroup;
			children = (
				05C290DAEFB24F2D289C3895 /* Pods_Busca_Herois.framework */,
			);
			name = Frameworks;
			sourceTree = "<group>";
		};
/* End PBXGroup section */

/* Begin PBXNativeTarget section */
		49499565267B6CD200F48217 /* Busca Herois */ = {
			isa = PBXNativeTarget;
			buildConfigurationList = 4949957A267B6CD300F48217 /* Build configuration list for PBXNativeTarget "Busca Herois" */;
			buildPhases = (
				BF627F1157D1BE02F51879B4 /* [CP] Check Pods Manifest.lock */,
				49499562267B6CD200F48217 /* Sources */,
				49499563267B6CD200F48217 /* Frameworks */,
				49499564267B6CD200F48217 /* Resources */,
				486463BC2F053A073B823B9B /* [CP] Embed Pods Frameworks */,
			);
			buildRules = (
			);
			dependencies = (
			);
			name = "Busca Herois";
			productName = "Busca Herois";
			productReference = 49499566267B6CD200F48217 /* Busca Herois.app */;
			productType = "com.apple.product-type.application";
		};
/* End PBXNativeTarget section */

/* Begin PBXProject section */
		4949955E267B6CD200F48217 /* Project object */ = {
			isa = PBXProject;
			attributes = {
				LastSwiftUpdateCheck = 1240;
				LastUpgradeCheck = 1240;
				TargetAttributes = {
					49499565267B6CD200F48217 = {
						CreatedOnToolsVersion = 12.4;
					};
				};
			};
			buildConfigurationList = 49499561267B6CD200F48217 /* Build configuration list for PBXProject "Busca Herois" */;
			compatibilityVersion = "Xcode 9.3";
			developmentRegion = en;
			hasScannedForEncodings = 0;
			knownRegions = (
				en,
				Base,
			);
			mainGroup = 4949955D267B6CD200F48217;
			productRefGroup = 49499567267B6CD200F48217 /* Products */;
			projectDirPath = "";
			projectRoot = "";
			targets = (
				49499565267B6CD200F48217 /* Busca Herois */,
			);
		};
/* End PBXProject section */

/* Begin PBXResourcesBuildPhase section */
		49499564267B6CD200F48217 /* Resources */ = {
			isa = PBXResourcesBuildPhase;
			buildActionMask = 2147483647;
			files = (
				49499576267B6CD300F48217 /* LaunchScreen.storyboard in Resources */,
				49499573267B6CD300F48217 /* Assets.xcassets in Resources */,
				49499571267B6CD300F48217 /* Main.storyboard in Resources */,
			);
			runOnlyForDeploymentPostprocessing = 0;
		};
/* End PBXResourcesBuildPhase section */

/* Begin PBXShellScriptBuildPhase section */
		486463BC2F053A073B823B9B /* [CP] Embed Pods Frameworks */ = {
			isa = PBXShellScriptBuildPhase;
			buildActionMask = 2147483647;
			files = (
			);
			inputFileListPaths = (
				"${PODS_ROOT}/Target Support Files/Pods-Busca Herois/Pods-Busca Herois-frameworks-${CONFIGURATION}-input-files.xcfilelist",
			);
			name = "[CP] Embed Pods Frameworks";
			outputFileListPaths = (
				"${PODS_ROOT}/Target Support Files/Pods-Busca Herois/Pods-Busca Herois-frameworks-${CONFIGURATION}-output-files.xcfilelist",
			);
			runOnlyForDeploymentPostprocessing = 0;
			shellPath = /bin/sh;
			shellScript = "\"${PODS_ROOT}/Target Support Files/Pods-Busca Herois/Pods-Busca Herois-frameworks.sh\"\n";
			showEnvVarsInLog = 0;
		};
		BF627F1157D1BE02F51879B4 /* [CP] Check Pods Manifest.lock */ = {
			isa = PBXShellScriptBuildPhase;
			buildActionMask = 2147483647;
			files = (
			);
			inputFileListPaths = (
			);
			inputPaths = (
				"${PODS_PODFILE_DIR_PATH}/Podfile.lock",
				"${PODS_ROOT}/Manifest.lock",
			);
			name = "[CP] Check Pods Manifest.lock";
			outputFileListPaths = (
			);
			outputPaths = (
				"$(DERIVED_FILE_DIR)/Pods-Busca Herois-checkManifestLockResult.txt",
			);
			runOnlyForDeploymentPostprocessing = 0;
			shellPath = /bin/sh;
			shellScript = "diff \"${PODS_PODFILE_DIR_PATH}/Podfile.lock\" \"${PODS_ROOT}/Manifest.lock\" > /dev/null\nif [ $? != 0 ] ; then\n    # print error to STDERR\n    echo \"error: The sandbox is not in sync with the Podfile.lock. Run 'pod install' or update your CocoaPods installation.\" >&2\n    exit 1\nfi\n# This output is used by Xcode 'outputs' to avoid re-running this script phase.\necho \"SUCCESS\" > \"${SCRIPT_OUTPUT_FILE_0}\"\n";
			showEnvVarsInLog = 0;
		};
/* End PBXShellScriptBuildPhase section */

/* Begin PBXSourcesBuildPhase section */
		49499562267B6CD200F48217 /* Sources */ = {
			isa = PBXSourcesBuildPhase;
			buildActionMask = 2147483647;
			files = (
				4949EAA6267BB2CC00C6D425 /* MarvelAPI.swift in Sources */,
				4949956E267B6CD300F48217 /* ViewController.swift in Sources */,
				4949956A267B6CD300F48217 /* AppDelegate.swift in Sources */,
				4949EAAF267BB31A00C6D425 /* MarvelClasses.swift in Sources */,
				4949956C267B6CD300F48217 /* SceneDelegate.swift in Sources */,
				4987E6CF2689FF4A003B2314 /* HeroTableViewCell.swift in Sources */,
				49499586267B700B00F48217 /* HeroesTableViewController.swift in Sources */,
			);
			runOnlyForDeploymentPostprocessing = 0;
		};
/* End PBXSourcesBuildPhase section */

/* Begin PBXVariantGroup section */
		4949956F267B6CD300F48217 /* Main.storyboard */ = {
			isa = PBXVariantGroup;
			children = (
				49499570267B6CD300F48217 /* Base */,
			);
			name = Main.storyboard;
			sourceTree = "<group>";
		};
		49499574267B6CD300F48217 /* LaunchScreen.storyboard */ = {
			isa = PBXVariantGroup;
			children = (
				49499575267B6CD300F48217 /* Base */,
			);
			name = LaunchScreen.storyboard;
			sourceTree = "<group>";
		};
/* End PBXVariantGroup section */

/* Begin XCBuildConfiguration section */
		49499578267B6CD300F48217 /* Debug */ = {
			isa = XCBuildConfiguration;
			buildSettings = {
				ALWAYS_SEARCH_USER_PATHS = NO;
				CLANG_ANALYZER_NONNULL = YES;
				CLANG_ANALYZER_NUMBER_OBJECT_CONVERSION = YES_AGGRESSIVE;
				CLANG_CXX_LANGUAGE_STANDARD = "gnu++14";
				CLANG_CXX_LIBRARY = "libc++";
				CLANG_ENABLE_MODULES = YES;
				CLANG_ENABLE_OBJC_ARC = YES;
				CLANG_ENABLE_OBJC_WEAK = YES;
				CLANG_WARN_BLOCK_CAPTURE_AUTORELEASING = YES;
				CLANG_WARN_BOOL_CONVERSION = YES;
				CLANG_WARN_COMMA = YES;
				CLANG_WARN_CONSTANT_CONVERSION = YES;
				CLANG_WARN_DEPRECATED_OBJC_IMPLEMENTATIONS = YES;
				CLANG_WARN_DIRECT_OBJC_ISA_USAGE = YES_ERROR;
				CLANG_WARN_DOCUMENTATION_COMMENTS = YES;
				CLANG_WARN_EMPTY_BODY = YES;
				CLANG_WARN_ENUM_CONVERSION = YES;
				CLANG_WARN_INFINITE_RECURSION = YES;
				CLANG_WARN_INT_CONVERSION = YES;
				CLANG_WARN_NON_LITERAL_NULL_CONVERSION = YES;
				CLANG_WARN_OBJC_IMPLICIT_RETAIN_SELF = YES;
				CLANG_WARN_OBJC_LITERAL_CONVERSION = YES;
				CLANG_WARN_OBJC_ROOT_CLASS = YES_ERROR;
				CLANG_WARN_QUOTED_INCLUDE_IN_FRAMEWORK_HEADER = YES;
				CLANG_WARN_RANGE_LOOP_ANALYSIS = YES;
				CLANG_WARN_STRICT_PROTOTYPES = YES;
				CLANG_WARN_SUSPICIOUS_MOVE = YES;
				CLANG_WARN_UNGUARDED_AVAILABILITY = YES_AGGRESSIVE;
				CLANG_WARN_UNREACHABLE_CODE = YES;
				CLANG_WARN__DUPLICATE_METHOD_MATCH = YES;
				COPY_PHASE_STRIP = NO;
				DEBUG_INFORMATION_FORMAT = dwarf;
				ENABLE_STRICT_OBJC_MSGSEND = YES;
				ENABLE_TESTABILITY = YES;
				GCC_C_LANGUAGE_STANDARD = gnu11;
				GCC_DYNAMIC_NO_PIC = NO;
				GCC_NO_COMMON_BLOCKS = YES;
				GCC_OPTIMIZATION_LEVEL = 0;
				GCC_PREPROCESSOR_DEFINITIONS = (
					"DEBUG=1",
					"$(inherited)",
				);
				GCC_WARN_64_TO_32_BIT_CONVERSION = YES;
				GCC_WARN_ABOUT_RETURN_TYPE = YES_ERROR;
				GCC_WARN_UNDECLARED_SELECTOR = YES;
				GCC_WARN_UNINITIALIZED_AUTOS = YES_AGGRESSIVE;
				GCC_WARN_UNUSED_FUNCTION = YES;
				GCC_WARN_UNUSED_VARIABLE = YES;
				IPHONEOS_DEPLOYMENT_TARGET = 14.4;
				MTL_ENABLE_DEBUG_INFO = INCLUDE_SOURCE;
				MTL_FAST_MATH = YES;
				ONLY_ACTIVE_ARCH = YES;
				SDKROOT = iphoneos;
				SWIFT_ACTIVE_COMPILATION_CONDITIONS = DEBUG;
				SWIFT_OPTIMIZATION_LEVEL = "-Onone";
			};
			name = Debug;
		};
		49499579267B6CD300F48217 /* Release */ = {
			isa = XCBuildConfiguration;
			buildSettings = {
				ALWAYS_SEARCH_USER_PATHS = NO;
				CLANG_ANALYZER_NONNULL = YES;
				CLANG_ANALYZER_NUMBER_OBJECT_CONVERSION = YES_AGGRESSIVE;
				CLANG_CXX_LANGUAGE_STANDARD = "gnu++14";
				CLANG_CXX_LIBRARY = "libc++";
				CLANG_ENABLE_MODULES = YES;
				CLANG_ENABLE_OBJC_ARC = YES;
				CLANG_ENABLE_OBJC_WEAK = YES;
				CLANG_WARN_BLOCK_CAPTURE_AUTORELEASING = YES;
				CLANG_WARN_BOOL_CONVERSION = YES;
				CLANG_WARN_COMMA = YES;
				CLANG_WARN_CONSTANT_CONVERSION = YES;
				CLANG_WARN_DEPRECATED_OBJC_IMPLEMENTATIONS = YES;
				CLANG_WARN_DIRECT_OBJC_ISA_USAGE = YES_ERROR;
				CLANG_WARN_DOCUMENTATION_COMMENTS = YES;
				CLANG_WARN_EMPTY_BODY = YES;
				CLANG_WARN_ENUM_CONVERSION = YES;
				CLANG_WARN_INFINITE_RECURSION = YES;
				CLANG_WARN_INT_CONVERSION = YES;
				CLANG_WARN_NON_LITERAL_NULL_CONVERSION = YES;
				CLANG_WARN_OBJC_IMPLICIT_RETAIN_SELF = YES;
				CLANG_WARN_OBJC_LITERAL_CONVERSION = YES;
				CLANG_WARN_OBJC_ROOT_CLASS = YES_ERROR;
				CLANG_WARN_QUOTED_INCLUDE_IN_FRAMEWORK_HEADER = YES;
				CLANG_WARN_RANGE_LOOP_ANALYSIS = YES;
				CLANG_WARN_STRICT_PROTOTYPES = YES;
				CLANG_WARN_SUSPICIOUS_MOVE = YES;
				CLANG_WARN_UNGUARDED_AVAILABILITY = YES_AGGRESSIVE;
				CLANG_WARN_UNREACHABLE_CODE = YES;
				CLANG_WARN__DUPLICATE_METHOD_MATCH = YES;
				COPY_PHASE_STRIP = NO;
				DEBUG_INFORMATION_FORMAT = "dwarf-with-dsym";
				ENABLE_NS_ASSERTIONS = NO;
				ENABLE_STRICT_OBJC_MSGSEND = YES;
				GCC_C_LANGUAGE_STANDARD = gnu11;
				GCC_NO_COMMON_BLOCKS = YES;
				GCC_WARN_64_TO_32_BIT_CONVERSION = YES;
				GCC_WARN_ABOUT_RETURN_TYPE = YES_ERROR;
				GCC_WARN_UNDECLARED_SELECTOR = YES;
				GCC_WARN_UNINITIALIZED_AUTOS = YES_AGGRESSIVE;
				GCC_WARN_UNUSED_FUNCTION = YES;
				GCC_WARN_UNUSED_VARIABLE = YES;
				IPHONEOS_DEPLOYMENT_TARGET = 14.4;
				MTL_ENABLE_DEBUG_INFO = NO;
				MTL_FAST_MATH = YES;
				SDKROOT = iphoneos;
				SWIFT_COMPILATION_MODE = wholemodule;
				SWIFT_OPTIMIZATION_LEVEL = "-O";
				VALIDATE_PRODUCT = YES;
			};
			name = Release;
		};
		4949957B267B6CD300F48217 /* Debug */ = {
			isa = XCBuildConfiguration;
			baseConfigurationReference = 73E2AEDBA3D2ED0AA3B99C7A /* Pods-Busca Herois.debug.xcconfig */;
			buildSettings = {
				ASSETCATALOG_COMPILER_APPICON_NAME = AppIcon;
				ASSETCATALOG_COMPILER_GLOBAL_ACCENT_COLOR_NAME = AccentColor;
				CODE_SIGN_STYLE = Automatic;
				DEVELOPMENT_TEAM = 8FH4Z97JNJ;
				INFOPLIST_FILE = "Busca Herois/Info.plist";
				IPHONEOS_DEPLOYMENT_TARGET = 13.0;
				LD_RUNPATH_SEARCH_PATHS = (
					"$(inherited)",
					"@executable_path/Frameworks",
				);
				PRODUCT_BUNDLE_IDENTIFIER = "Mentoria.Busca-Herois";
				PRODUCT_NAME = "$(TARGET_NAME)";
				SWIFT_VERSION = 5.0;
				TARGETED_DEVICE_FAMILY = 1;
			};
			name = Debug;
		};
		4949957C267B6CD300F48217 /* Release */ = {
			isa = XCBuildConfiguration;
			baseConfigurationReference = 347436268DBBF8FA7D86E67A /* Pods-Busca Herois.release.xcconfig */;
			buildSettings = {
				ASSETCATALOG_COMPILER_APPICON_NAME = AppIcon;
				ASSETCATALOG_COMPILER_GLOBAL_ACCENT_COLOR_NAME = AccentColor;
				CODE_SIGN_STYLE = Automatic;
				DEVELOPMENT_TEAM = 8FH4Z97JNJ;
				INFOPLIST_FILE = "Busca Herois/Info.plist";
				IPHONEOS_DEPLOYMENT_TARGET = 13.0;
				LD_RUNPATH_SEARCH_PATHS = (
					"$(inherited)",
					"@executable_path/Frameworks",
				);
				PRODUCT_BUNDLE_IDENTIFIER = "Mentoria.Busca-Herois";
				PRODUCT_NAME = "$(TARGET_NAME)";
				SWIFT_VERSION = 5.0;
				TARGETED_DEVICE_FAMILY = 1;
			};
			name = Release;
		};
/* End XCBuildConfiguration section */

/* Begin XCConfigurationList section */
		49499561267B6CD200F48217 /* Build configuration list for PBXProject "Busca Herois" */ = {
			isa = XCConfigurationList;
			buildConfigurations = (
				49499578267B6CD300F48217 /* Debug */,
				49499579267B6CD300F48217 /* Release */,
			);
			defaultConfigurationIsVisible = 0;
			defaultConfigurationName = Release;
		};
		4949957A267B6CD300F48217 /* Build configuration list for PBXNativeTarget "Busca Herois" */ = {
			isa = XCConfigurationList;
			buildConfigurations = (
				4949957B267B6CD300F48217 /* Debug */,
				4949957C267B6CD300F48217 /* Release */,
			);
			defaultConfigurationIsVisible = 0;
			defaultConfigurationName = Release;
		};
/* End XCConfigurationList section */
	};
	rootObject = 4949955E267B6CD200F48217 /* Project object */;
}
